
Microsoft Visual Studio Solution File, Format Version 12.00
# Visual Studio Version 17
VisualStudioVersion = 17.0.32014.148
MinimumVisualStudioVersion = 10.0.40219.1
Project("{FAE04EC0-301F-11D3-BF4B-00C04F79EFBC}") = "SudokuBlazorApp", "SudokuBlazorApp.csproj", "{4AAB2B1E-96FC-4DE6-9561-2D7BE346DFED}"
EndProject
Global
	GlobalSection(SolutionConfigurationPlatforms) = preSolution
		Debug|Any CPU = Debug|Any CPU
		Release|Any CPU = Release|Any CPU
	EndGlobalSection
	GlobalSection(ProjectConfigurationPlatforms) = postSolution
		{4AAB2B1E-96FC-4DE6-9561-2D7BE346DFED}.Debug|Any CPU.ActiveCfg = Debug|Any CPU
		{4AAB2B1E-96FC-4DE6-9561-2D7BE346DFED}.Debug|Any CPU.Build.0 = Debug|Any CPU
		{4AAB2B1E-96FC-4DE6-9561-2D7BE346DFED}.Release|Any CPU.ActiveCfg = Release|Any CPU
		{4AAB2B1E-96FC-4DE6-9561-2D7BE346DFED}.Release|Any CPU.Build.0 = Release|Any CPU
	EndGlobalSection
	GlobalSection(SolutionProperties) = preSolution
		HideSolutionNode = FALSE
	EndGlobalSection
	GlobalSection(ExtensibilityGlobals) = postSolution
		SolutionGuid = {4B90C655-74F8-4654-AA85-4BCF262A86F0}
	EndGlobalSection
EndGlobal
