
Microsoft Visual Studio Solution File, Format Version 12.00
# Visual Studio Version 16
VisualStudioVersion = 16.0.30309.148
MinimumVisualStudioVersion = 10.0.40219.1
Project("{FAE04EC0-301F-11D3-BF4B-00C04F79EFBC}") = "TrialAzureFnApp", "TrialAzureFnApp.csproj", "{5B43B2CF-4AC2-4C6E-8C09-E4D9A98BFCF4}"
EndProject
Global
	GlobalSection(SolutionConfigurationPlatforms) = preSolution
		Debug|Any CPU = Debug|Any CPU
		Release|Any CPU = Release|Any CPU
	EndGlobalSection
	GlobalSection(ProjectConfigurationPlatforms) = postSolution
		{5B43B2CF-4AC2-4C6E-8C09-E4D9A98BFCF4}.Debug|Any CPU.ActiveCfg = Debug|Any CPU
		{5B43B2CF-4AC2-4C6E-8C09-E4D9A98BFCF4}.Debug|Any CPU.Build.0 = Debug|Any CPU
		{5B43B2CF-4AC2-4C6E-8C09-E4D9A98BFCF4}.Release|Any CPU.ActiveCfg = Release|Any CPU
		{5B43B2CF-4AC2-4C6E-8C09-E4D9A98BFCF4}.Release|Any CPU.Build.0 = Release|Any CPU
	EndGlobalSection
	GlobalSection(SolutionProperties) = preSolution
		HideSolutionNode = FALSE
	EndGlobalSection
	GlobalSection(ExtensibilityGlobals) = postSolution
		SolutionGuid = {2FF4696C-2DA7-43AB-B583-9AA7D7EEBE06}
	EndGlobalSection
EndGlobal
